
Microsoft Visual Studio Solution File, Format Version 12.00
# Visual Studio Version 17
VisualStudioVersion = 17.10.35027.167
MinimumVisualStudioVersion = 10.0.40219.1
Project("{FAE04EC0-301F-11D3-BF4B-00C04F79EFBC}") = "OnlineTicketingSystem", "OnlineTicketingSystem\OnlineTicketingSystem.csproj", "{4E73B336-27AA-4C06-B02D-CF235FDFA4DB}"
EndProject
Project("{9A19103F-16F7-4668-BE54-9A1E7A4F7556}") = "TicketBookingTests", "TicketBookingTests\TicketBookingTests.csproj", "{0943EE54-671D-4F18-A0FB-95305F6B0E84}"
EndProject
Global
	GlobalSection(SolutionConfigurationPlatforms) = preSolution
		Debug|Any CPU = Debug|Any CPU
		Release|Any CPU = Release|Any CPU
	EndGlobalSection
	GlobalSection(ProjectConfigurationPlatforms) = postSolution
		{4E73B336-27AA-4C06-B02D-CF235FDFA4DB}.Debug|Any CPU.ActiveCfg = Debug|Any CPU
		{4E73B336-27AA-4C06-B02D-CF235FDFA4DB}.Debug|Any CPU.Build.0 = Debug|Any CPU
		{4E73B336-27AA-4C06-B02D-CF235FDFA4DB}.Release|Any CPU.ActiveCfg = Release|Any CPU
		{4E73B336-27AA-4C06-B02D-CF235FDFA4DB}.Release|Any CPU.Build.0 = Release|Any CPU
		{0943EE54-671D-4F18-A0FB-95305F6B0E84}.Debug|Any CPU.ActiveCfg = Debug|Any CPU
		{0943EE54-671D-4F18-A0FB-95305F6B0E84}.Debug|Any CPU.Build.0 = Debug|Any CPU
		{0943EE54-671D-4F18-A0FB-95305F6B0E84}.Release|Any CPU.ActiveCfg = Release|Any CPU
		{0943EE54-671D-4F18-A0FB-95305F6B0E84}.Release|Any CPU.Build.0 = Release|Any CPU
	EndGlobalSection
	GlobalSection(SolutionProperties) = preSolution
		HideSolutionNode = FALSE
	EndGlobalSection
	GlobalSection(ExtensibilityGlobals) = postSolution
		SolutionGuid = {12DA0A01-611C-4C54-9EE3-A119C93664A7}
	EndGlobalSection
EndGlobal
